
Microsoft Visual Studio Solution File, Format Version 12.00
# Visual Studio 2013
VisualStudioVersion = 12.0.21005.1
MinimumVisualStudioVersion = 10.0.40219.1
Project("{2150E333-8FDC-42A3-9474-1A3956D46DE8}") = "Test", "Test", "{3A7E0ACD-7142-41C4-9EE8-632AAA3BE9EC}"
EndProject
Project("{2150E333-8FDC-42A3-9474-1A3956D46DE8}") = "Win.4", "Win.4", "{86E7F119-FD10-4167-BB4D-F82490E2F457}"
EndProject
Project("{2150E333-8FDC-42A3-9474-1A3956D46DE8}") = "Library", "Library", "{C797A322-1ABF-4397-8022-1F395CFA39E9}"
EndProject
Project("{FAE04EC0-301F-11D3-BF4B-00C04F79EFBC}") = "Win", "Win\Win\Win.csproj", "{1E47FD52-925B-4F29-BDDE-A4233BE7B8A9}"
EndProject
Project("{FAE04EC0-301F-11D3-BF4B-00C04F79EFBC}") = "Printing", "Printing\Printing\Printing.csproj", "{D88A851B-A6D6-4F42-85D4-B1CAF36FDACC}"
EndProject
Project("{FAE04EC0-301F-11D3-BF4B-00C04F79EFBC}") = "GridView", "GridView\GridView\GridView.csproj", "{151EB702-E8E7-478E-A018-8E03F14CFDE5}"
EndProject
Project("{FAE04EC0-301F-11D3-BF4B-00C04F79EFBC}") = "ScriptBuilder", "ScriptBuilder\ScriptBuilder\ScriptBuilder.csproj", "{8224D8E7-CE07-4755-945F-D5497882C9D2}"
EndProject
Project("{FAE04EC0-301F-11D3-BF4B-00C04F79EFBC}") = "SyntaxEditor", "SyntaxEditor\SyntaxEditor\SyntaxEditor.csproj", "{ADAF02EE-ADC9-4AAB-840E-44D9DF939706}"
EndProject
Project("{FAE04EC0-301F-11D3-BF4B-00C04F79EFBC}") = "GridViewTest", "GridView\GridViewTest\GridViewTest.csproj", "{CC82D91D-B9A7-4B94-893B-F96B6F0818D3}"
EndProject
Project("{FAE04EC0-301F-11D3-BF4B-00C04F79EFBC}") = "WinForms", "WinForms\WinForms\WinForms.csproj", "{C26B37C8-BC2A-4C9C-B0BD-E6E9E5C8D0B0}"
EndProject
Project("{FAE04EC0-301F-11D3-BF4B-00C04F79EFBC}") = "WinFormsTest", "WinForms\WinFormsTest\WinFormsTest.csproj", "{914EAD97-FB7C-44F8-A662-431E386FAA4B}"
EndProject
Project("{FAE04EC0-301F-11D3-BF4B-00C04F79EFBC}") = "Charts", "Charts\Charts\Charts.csproj", "{F0759DA6-4E9C-4D9B-BD53-2EB38979425D}"
EndProject
Project("{FAE04EC0-301F-11D3-BF4B-00C04F79EFBC}") = "Wizards", "Wizards\Wizards\Wizards.csproj", "{632429A7-64BD-4AEB-AF2A-65F3315F7422}"
EndProject
Global
	GlobalSection(SolutionConfigurationPlatforms) = preSolution
		Debug|Any CPU = Debug|Any CPU
		Release|Any CPU = Release|Any CPU
	EndGlobalSection
	GlobalSection(ProjectConfigurationPlatforms) = postSolution
		{1E47FD52-925B-4F29-BDDE-A4233BE7B8A9}.Debug|Any CPU.ActiveCfg = Debug|Any CPU
		{1E47FD52-925B-4F29-BDDE-A4233BE7B8A9}.Debug|Any CPU.Build.0 = Debug|Any CPU
		{1E47FD52-925B-4F29-BDDE-A4233BE7B8A9}.Release|Any CPU.ActiveCfg = Release|Any CPU
		{1E47FD52-925B-4F29-BDDE-A4233BE7B8A9}.Release|Any CPU.Build.0 = Release|Any CPU
		{D88A851B-A6D6-4F42-85D4-B1CAF36FDACC}.Debug|Any CPU.ActiveCfg = Debug|Any CPU
		{D88A851B-A6D6-4F42-85D4-B1CAF36FDACC}.Debug|Any CPU.Build.0 = Debug|Any CPU
		{D88A851B-A6D6-4F42-85D4-B1CAF36FDACC}.Release|Any CPU.ActiveCfg = Release|Any CPU
		{D88A851B-A6D6-4F42-85D4-B1CAF36FDACC}.Release|Any CPU.Build.0 = Release|Any CPU
		{151EB702-E8E7-478E-A018-8E03F14CFDE5}.Debug|Any CPU.ActiveCfg = Debug|Any CPU
		{151EB702-E8E7-478E-A018-8E03F14CFDE5}.Debug|Any CPU.Build.0 = Debug|Any CPU
		{151EB702-E8E7-478E-A018-8E03F14CFDE5}.Release|Any CPU.ActiveCfg = Release|Any CPU
		{151EB702-E8E7-478E-A018-8E03F14CFDE5}.Release|Any CPU.Build.0 = Release|Any CPU
		{8224D8E7-CE07-4755-945F-D5497882C9D2}.Debug|Any CPU.ActiveCfg = Debug|Any CPU
		{8224D8E7-CE07-4755-945F-D5497882C9D2}.Debug|Any CPU.Build.0 = Debug|Any CPU
		{8224D8E7-CE07-4755-945F-D5497882C9D2}.Release|Any CPU.ActiveCfg = Release|Any CPU
		{8224D8E7-CE07-4755-945F-D5497882C9D2}.Release|Any CPU.Build.0 = Release|Any CPU
		{ADAF02EE-ADC9-4AAB-840E-44D9DF939706}.Debug|Any CPU.ActiveCfg = Debug|Any CPU
		{ADAF02EE-ADC9-4AAB-840E-44D9DF939706}.Debug|Any CPU.Build.0 = Debug|Any CPU
		{ADAF02EE-ADC9-4AAB-840E-44D9DF939706}.Release|Any CPU.ActiveCfg = Release|Any CPU
		{ADAF02EE-ADC9-4AAB-840E-44D9DF939706}.Release|Any CPU.Build.0 = Release|Any CPU
		{CC82D91D-B9A7-4B94-893B-F96B6F0818D3}.Debug|Any CPU.ActiveCfg = Debug|Any CPU
		{CC82D91D-B9A7-4B94-893B-F96B6F0818D3}.Debug|Any CPU.Build.0 = Debug|Any CPU
		{CC82D91D-B9A7-4B94-893B-F96B6F0818D3}.Release|Any CPU.ActiveCfg = Release|Any CPU
		{CC82D91D-B9A7-4B94-893B-F96B6F0818D3}.Release|Any CPU.Build.0 = Release|Any CPU
		{C26B37C8-BC2A-4C9C-B0BD-E6E9E5C8D0B0}.Debug|Any CPU.ActiveCfg = Debug|Any CPU
		{C26B37C8-BC2A-4C9C-B0BD-E6E9E5C8D0B0}.Debug|Any CPU.Build.0 = Debug|Any CPU
		{C26B37C8-BC2A-4C9C-B0BD-E6E9E5C8D0B0}.Release|Any CPU.ActiveCfg = Release|Any CPU
		{C26B37C8-BC2A-4C9C-B0BD-E6E9E5C8D0B0}.Release|Any CPU.Build.0 = Release|Any CPU
		{914EAD97-FB7C-44F8-A662-431E386FAA4B}.Debug|Any CPU.ActiveCfg = Debug|Any CPU
		{914EAD97-FB7C-44F8-A662-431E386FAA4B}.Debug|Any CPU.Build.0 = Debug|Any CPU
		{914EAD97-FB7C-44F8-A662-431E386FAA4B}.Release|Any CPU.ActiveCfg = Release|Any CPU
		{914EAD97-FB7C-44F8-A662-431E386FAA4B}.Release|Any CPU.Build.0 = Release|Any CPU
		{F0759DA6-4E9C-4D9B-BD53-2EB38979425D}.Debug|Any CPU.ActiveCfg = Debug|Any CPU
		{F0759DA6-4E9C-4D9B-BD53-2EB38979425D}.Debug|Any CPU.Build.0 = Debug|Any CPU
		{F0759DA6-4E9C-4D9B-BD53-2EB38979425D}.Release|Any CPU.ActiveCfg = Release|Any CPU
		{F0759DA6-4E9C-4D9B-BD53-2EB38979425D}.Release|Any CPU.Build.0 = Release|Any CPU
		{632429A7-64BD-4AEB-AF2A-65F3315F7422}.Debug|Any CPU.ActiveCfg = Debug|Any CPU
		{632429A7-64BD-4AEB-AF2A-65F3315F7422}.Debug|Any CPU.Build.0 = Debug|Any CPU
		{632429A7-64BD-4AEB-AF2A-65F3315F7422}.Release|Any CPU.ActiveCfg = Release|Any CPU
		{632429A7-64BD-4AEB-AF2A-65F3315F7422}.Release|Any CPU.Build.0 = Release|Any CPU
	EndGlobalSection
	GlobalSection(SolutionProperties) = preSolution
		HideSolutionNode = FALSE
	EndGlobalSection
	GlobalSection(NestedProjects) = preSolution
		{CC82D91D-B9A7-4B94-893B-F96B6F0818D3} = {3A7E0ACD-7142-41C4-9EE8-632AAA3BE9EC}
		{914EAD97-FB7C-44F8-A662-431E386FAA4B} = {3A7E0ACD-7142-41C4-9EE8-632AAA3BE9EC}
		{1E47FD52-925B-4F29-BDDE-A4233BE7B8A9} = {86E7F119-FD10-4167-BB4D-F82490E2F457}
		{D88A851B-A6D6-4F42-85D4-B1CAF36FDACC} = {86E7F119-FD10-4167-BB4D-F82490E2F457}
		{151EB702-E8E7-478E-A018-8E03F14CFDE5} = {86E7F119-FD10-4167-BB4D-F82490E2F457}
		{C26B37C8-BC2A-4C9C-B0BD-E6E9E5C8D0B0} = {86E7F119-FD10-4167-BB4D-F82490E2F457}
		{632429A7-64BD-4AEB-AF2A-65F3315F7422} = {86E7F119-FD10-4167-BB4D-F82490E2F457}
		{8224D8E7-CE07-4755-945F-D5497882C9D2} = {C797A322-1ABF-4397-8022-1F395CFA39E9}
		{ADAF02EE-ADC9-4AAB-840E-44D9DF939706} = {C797A322-1ABF-4397-8022-1F395CFA39E9}
		{F0759DA6-4E9C-4D9B-BD53-2EB38979425D} = {C797A322-1ABF-4397-8022-1F395CFA39E9}
	EndGlobalSection
EndGlobal
