Microsoft Visual Studio Solution File, Format Version 8.00
Project("{8BC9CEB9-8B4A-11D0-8D11-00A0C91BC942}") = "TestingIengine1.exe", "TestingIengine1.exe", "{19014E94-7447-4CE3-BB06-790DD1AA09C6}"
	ProjectSection(ProjectDependencies) = postProject
	EndProjectSection
EndProject
Global
	GlobalSection(SolutionConfiguration) = preSolution
		Debug = Debug
	EndGlobalSection
	GlobalSection(ProjectConfiguration) = postSolution
		{19014E94-7447-4CE3-BB06-790DD1AA09C6}.Debug.ActiveCfg = Debug
	EndGlobalSection
	GlobalSection(ExtensibilityGlobals) = postSolution
	EndGlobalSection
	GlobalSection(ExtensibilityAddIns) = postSolution
	EndGlobalSection
EndGlobal
